
Microsoft Visual Studio Solution File, Format Version 12.00
# Visual Studio 2012
Project("{FAE04EC0-301F-11D3-BF4B-00C04F79EFBC}") = "CastAway", "CastAway\CastAway.csproj", "{844EE064-DFD6-46BF-8F53-0F9E9B4182A9}"
EndProject
Project("{FAE04EC0-301F-11D3-BF4B-00C04F79EFBC}") = "CastAway.iOS", "iOS\CastAway.iOS.csproj", "{64303320-1CD3-44E1-A8F1-35B52D6573EB}"
EndProject
Project("{FAE04EC0-301F-11D3-BF4B-00C04F79EFBC}") = "CastAway.Droid", "Droid\CastAway.Droid.csproj", "{B0F9FA1E-34C7-4B4A-8666-718E0E18508F}"
EndProject
Project("{FAE04EC0-301F-11D3-BF4B-00C04F79EFBC}") = "CastAway.UITests", "UITests\CastAway.UITests.csproj", "{C2062C52-43FF-4F47-B9D4-3F0D14D4FEED}"
EndProject
Global
	GlobalSection(SolutionConfigurationPlatforms) = preSolution
		Debug|Any CPU = Debug|Any CPU
		Release|Any CPU = Release|Any CPU
		Debug|iPhoneSimulator = Debug|iPhoneSimulator
		Release|iPhone = Release|iPhone
		Release|iPhoneSimulator = Release|iPhoneSimulator
		Debug|iPhone = Debug|iPhone
	EndGlobalSection
	GlobalSection(ProjectConfigurationPlatforms) = postSolution
		{844EE064-DFD6-46BF-8F53-0F9E9B4182A9}.Debug|Any CPU.ActiveCfg = Debug|Any CPU
		{844EE064-DFD6-46BF-8F53-0F9E9B4182A9}.Debug|Any CPU.Build.0 = Debug|Any CPU
		{844EE064-DFD6-46BF-8F53-0F9E9B4182A9}.Release|Any CPU.ActiveCfg = Release|Any CPU
		{844EE064-DFD6-46BF-8F53-0F9E9B4182A9}.Release|Any CPU.Build.0 = Release|Any CPU
		{844EE064-DFD6-46BF-8F53-0F9E9B4182A9}.Debug|iPhoneSimulator.ActiveCfg = Debug|Any CPU
		{844EE064-DFD6-46BF-8F53-0F9E9B4182A9}.Debug|iPhoneSimulator.Build.0 = Debug|Any CPU
		{844EE064-DFD6-46BF-8F53-0F9E9B4182A9}.Release|iPhone.ActiveCfg = Release|Any CPU
		{844EE064-DFD6-46BF-8F53-0F9E9B4182A9}.Release|iPhone.Build.0 = Release|Any CPU
		{844EE064-DFD6-46BF-8F53-0F9E9B4182A9}.Release|iPhoneSimulator.ActiveCfg = Release|Any CPU
		{844EE064-DFD6-46BF-8F53-0F9E9B4182A9}.Release|iPhoneSimulator.Build.0 = Release|Any CPU
		{844EE064-DFD6-46BF-8F53-0F9E9B4182A9}.Debug|iPhone.ActiveCfg = Debug|Any CPU
		{844EE064-DFD6-46BF-8F53-0F9E9B4182A9}.Debug|iPhone.Build.0 = Debug|Any CPU
		{64303320-1CD3-44E1-A8F1-35B52D6573EB}.Debug|Any CPU.ActiveCfg = Debug|iPhoneSimulator
		{64303320-1CD3-44E1-A8F1-35B52D6573EB}.Debug|Any CPU.Build.0 = Debug|iPhoneSimulator
		{64303320-1CD3-44E1-A8F1-35B52D6573EB}.Release|Any CPU.ActiveCfg = Release|iPhone
		{64303320-1CD3-44E1-A8F1-35B52D6573EB}.Release|Any CPU.Build.0 = Release|iPhone
		{64303320-1CD3-44E1-A8F1-35B52D6573EB}.Debug|iPhoneSimulator.ActiveCfg = Debug|iPhoneSimulator
		{64303320-1CD3-44E1-A8F1-35B52D6573EB}.Debug|iPhoneSimulator.Build.0 = Debug|iPhoneSimulator
		{64303320-1CD3-44E1-A8F1-35B52D6573EB}.Release|iPhone.ActiveCfg = Release|iPhone
		{64303320-1CD3-44E1-A8F1-35B52D6573EB}.Release|iPhone.Build.0 = Release|iPhone
		{64303320-1CD3-44E1-A8F1-35B52D6573EB}.Release|iPhoneSimulator.ActiveCfg = Release|iPhoneSimulator
		{64303320-1CD3-44E1-A8F1-35B52D6573EB}.Release|iPhoneSimulator.Build.0 = Release|iPhoneSimulator
		{64303320-1CD3-44E1-A8F1-35B52D6573EB}.Debug|iPhone.ActiveCfg = Debug|iPhone
		{64303320-1CD3-44E1-A8F1-35B52D6573EB}.Debug|iPhone.Build.0 = Debug|iPhone
		{B0F9FA1E-34C7-4B4A-8666-718E0E18508F}.Debug|Any CPU.ActiveCfg = Debug|Any CPU
		{B0F9FA1E-34C7-4B4A-8666-718E0E18508F}.Debug|Any CPU.Build.0 = Debug|Any CPU
		{B0F9FA1E-34C7-4B4A-8666-718E0E18508F}.Release|Any CPU.ActiveCfg = Release|Any CPU
		{B0F9FA1E-34C7-4B4A-8666-718E0E18508F}.Release|Any CPU.Build.0 = Release|Any CPU
		{B0F9FA1E-34C7-4B4A-8666-718E0E18508F}.Debug|iPhoneSimulator.ActiveCfg = Debug|Any CPU
		{B0F9FA1E-34C7-4B4A-8666-718E0E18508F}.Debug|iPhoneSimulator.Build.0 = Debug|Any CPU
		{B0F9FA1E-34C7-4B4A-8666-718E0E18508F}.Release|iPhone.ActiveCfg = Release|Any CPU
		{B0F9FA1E-34C7-4B4A-8666-718E0E18508F}.Release|iPhone.Build.0 = Release|Any CPU
		{B0F9FA1E-34C7-4B4A-8666-718E0E18508F}.Release|iPhoneSimulator.ActiveCfg = Release|Any CPU
		{B0F9FA1E-34C7-4B4A-8666-718E0E18508F}.Release|iPhoneSimulator.Build.0 = Release|Any CPU
		{B0F9FA1E-34C7-4B4A-8666-718E0E18508F}.Debug|iPhone.ActiveCfg = Debug|Any CPU
		{B0F9FA1E-34C7-4B4A-8666-718E0E18508F}.Debug|iPhone.Build.0 = Debug|Any CPU
		{C2062C52-43FF-4F47-B9D4-3F0D14D4FEED}.Debug|Any CPU.ActiveCfg = Debug|Any CPU
		{C2062C52-43FF-4F47-B9D4-3F0D14D4FEED}.Debug|Any CPU.Build.0 = Debug|Any CPU
		{C2062C52-43FF-4F47-B9D4-3F0D14D4FEED}.Release|Any CPU.ActiveCfg = Release|Any CPU
		{C2062C52-43FF-4F47-B9D4-3F0D14D4FEED}.Release|Any CPU.Build.0 = Release|Any CPU
		{C2062C52-43FF-4F47-B9D4-3F0D14D4FEED}.Debug|iPhoneSimulator.ActiveCfg = Debug|Any CPU
		{C2062C52-43FF-4F47-B9D4-3F0D14D4FEED}.Debug|iPhoneSimulator.Build.0 = Debug|Any CPU
		{C2062C52-43FF-4F47-B9D4-3F0D14D4FEED}.Release|iPhone.ActiveCfg = Release|Any CPU
		{C2062C52-43FF-4F47-B9D4-3F0D14D4FEED}.Release|iPhone.Build.0 = Release|Any CPU
		{C2062C52-43FF-4F47-B9D4-3F0D14D4FEED}.Release|iPhoneSimulator.ActiveCfg = Release|Any CPU
		{C2062C52-43FF-4F47-B9D4-3F0D14D4FEED}.Release|iPhoneSimulator.Build.0 = Release|Any CPU
		{C2062C52-43FF-4F47-B9D4-3F0D14D4FEED}.Debug|iPhone.ActiveCfg = Debug|Any CPU
		{C2062C52-43FF-4F47-B9D4-3F0D14D4FEED}.Debug|iPhone.Build.0 = Debug|Any CPU
	EndGlobalSection
EndGlobal
